
Microsoft Visual Studio Solution File, Format Version 12.00
# Visual Studio Version 17
VisualStudioVersion = 17.11.35303.130
MinimumVisualStudioVersion = 10.0.40219.1
Project("{2150E333-8FDC-42A3-9474-1A3956D46DE8}") = "src", "src", "{51F45A1C-87B7-49E3-A123-ADC6680BAE49}"
EndProject
Project("{2150E333-8FDC-42A3-9474-1A3956D46DE8}") = "tests", "tests", "{1A24687A-47B6-409A-9596-85AE40029D62}"
EndProject
Project("{2150E333-8FDC-42A3-9474-1A3956D46DE8}") = "frontend", "frontend", "{D9BB4BE5-7DEB-4E41-A123-07648FA29F63}"
EndProject
Project("{FAE04EC0-301F-11D3-BF4B-00C04F79EFBC}") = "CyberSOC.Domain", "src\CyberSOC.Domain\CyberSOC.Domain.csproj", "{F312CE67-322C-4B33-9D53-6A6F10B4E3F5}"
EndProject
Project("{FAE04EC0-301F-11D3-BF4B-00C04F79EFBC}") = "CyberSOC.Infrastructure", "src\CyberSOC.Infrastructure\CyberSOC.Infrastructure.csproj", "{F5B134E5-1FDD-46A6-AE2B-5BC0454973C5}"
EndProject
Project("{FAE04EC0-301F-11D3-BF4B-00C04F79EFBC}") = "CyberSOC.Persistence", "src\CyberSOC.Persistence\CyberSOC.Persistence.csproj", "{EFEACA46-B086-4954-A896-C96496BA3406}"
EndProject
Project("{FAE04EC0-301F-11D3-BF4B-00C04F79EFBC}") = "CyberSOC.WebApi", "src\CyberSOC.WebApi\CyberSOC.WebApi.csproj", "{EA77B8F0-5A23-41FF-A50D-EC4B30DCA4C4}"
EndProject
Project("{FAE04EC0-301F-11D3-BF4B-00C04F79EFBC}") = "CyberSOC.Workers", "src\CyberSOC.Workers\CyberSOC.Workers.csproj", "{54CCED7E-6B2A-42DA-BF1F-F7BF1F8F6246}"
EndProject
Project("{FAE04EC0-301F-11D3-BF4B-00C04F79EFBC}") = "CyberSOC.Shared", "src\CyberSOC.Shared\CyberSOC.Shared.csproj", "{C6B20B9A-904B-436B-A776-34DD50324434}"
EndProject
Project("{FAE04EC0-301F-11D3-BF4B-00C04F79EFBC}") = "CyberSOC.UnitTests", "tests\CyberSOC.UnitTests\CyberSOC.UnitTests.csproj", "{EB6C9A73-C9FD-4375-A9DD-CE09973E55B6}"
EndProject
Project("{FAE04EC0-301F-11D3-BF4B-00C04F79EFBC}") = "CyberSOC.IntegrationTests", "tests\CyberSOC.IntegrationTests\CyberSOC.IntegrationTests.csproj", "{EE5122EF-A1AA-41FA-BB54-C9272DD9F2F2}"
EndProject
Project("{FAE04EC0-301F-11D3-BF4B-00C04F79EFBC}") = "CyberSOC.ArchitectureTests", "tests\CyberSOC.ArchitectureTests\CyberSOC.ArchitectureTests.csproj", "{832D5E05-757B-43B7-A8B1-A54EB1DB4DCB}"
EndProject
Project("{FAE04EC0-301F-11D3-BF4B-00C04F79EFBC}") = "CyberSOC.Application", "src\CyberSOC.Application\CyberSOC.Application.csproj", "{681C3ED4-7180-49C7-A5F6-3852A82EE81D}"
EndProject
Global
	GlobalSection(SolutionConfigurationPlatforms) = preSolution
		Debug|Any CPU = Debug|Any CPU
		Release|Any CPU = Release|Any CPU
	EndGlobalSection
	GlobalSection(ProjectConfigurationPlatforms) = postSolution
		{F312CE67-322C-4B33-9D53-6A6F10B4E3F5}.Debug|Any CPU.ActiveCfg = Debug|Any CPU
		{F312CE67-322C-4B33-9D53-6A6F10B4E3F5}.Debug|Any CPU.Build.0 = Debug|Any CPU
		{F312CE67-322C-4B33-9D53-6A6F10B4E3F5}.Release|Any CPU.ActiveCfg = Release|Any CPU
		{F312CE67-322C-4B33-9D53-6A6F10B4E3F5}.Release|Any CPU.Build.0 = Release|Any CPU
		{F5B134E5-1FDD-46A6-AE2B-5BC0454973C5}.Debug|Any CPU.ActiveCfg = Debug|Any CPU
		{F5B134E5-1FDD-46A6-AE2B-5BC0454973C5}.Debug|Any CPU.Build.0 = Debug|Any CPU
		{F5B134E5-1FDD-46A6-AE2B-5BC0454973C5}.Release|Any CPU.ActiveCfg = Release|Any CPU
		{F5B134E5-1FDD-46A6-AE2B-5BC0454973C5}.Release|Any CPU.Build.0 = Release|Any CPU
		{EFEACA46-B086-4954-A896-C96496BA3406}.Debug|Any CPU.ActiveCfg = Debug|Any CPU
		{EFEACA46-B086-4954-A896-C96496BA3406}.Debug|Any CPU.Build.0 = Debug|Any CPU
		{EFEACA46-B086-4954-A896-C96496BA3406}.Release|Any CPU.ActiveCfg = Release|Any CPU
		{EFEACA46-B086-4954-A896-C96496BA3406}.Release|Any CPU.Build.0 = Release|Any CPU
		{EA77B8F0-5A23-41FF-A50D-EC4B30DCA4C4}.Debug|Any CPU.ActiveCfg = Debug|Any CPU
		{EA77B8F0-5A23-41FF-A50D-EC4B30DCA4C4}.Debug|Any CPU.Build.0 = Debug|Any CPU
		{EA77B8F0-5A23-41FF-A50D-EC4B30DCA4C4}.Release|Any CPU.ActiveCfg = Release|Any CPU
		{EA77B8F0-5A23-41FF-A50D-EC4B30DCA4C4}.Release|Any CPU.Build.0 = Release|Any CPU
		{54CCED7E-6B2A-42DA-BF1F-F7BF1F8F6246}.Debug|Any CPU.ActiveCfg = Debug|Any CPU
		{54CCED7E-6B2A-42DA-BF1F-F7BF1F8F6246}.Debug|Any CPU.Build.0 = Debug|Any CPU
		{54CCED7E-6B2A-42DA-BF1F-F7BF1F8F6246}.Release|Any CPU.ActiveCfg = Release|Any CPU
		{54CCED7E-6B2A-42DA-BF1F-F7BF1F8F6246}.Release|Any CPU.Build.0 = Release|Any CPU
		{C6B20B9A-904B-436B-A776-34DD50324434}.Debug|Any CPU.ActiveCfg = Debug|Any CPU
		{C6B20B9A-904B-436B-A776-34DD50324434}.Debug|Any CPU.Build.0 = Debug|Any CPU
		{C6B20B9A-904B-436B-A776-34DD50324434}.Release|Any CPU.ActiveCfg = Release|Any CPU
		{C6B20B9A-904B-436B-A776-34DD50324434}.Release|Any CPU.Build.0 = Release|Any CPU
		{EB6C9A73-C9FD-4375-A9DD-CE09973E55B6}.Debug|Any CPU.ActiveCfg = Debug|Any CPU
		{EB6C9A73-C9FD-4375-A9DD-CE09973E55B6}.Debug|Any CPU.Build.0 = Debug|Any CPU
		{EB6C9A73-C9FD-4375-A9DD-CE09973E55B6}.Release|Any CPU.ActiveCfg = Release|Any CPU
		{EB6C9A73-C9FD-4375-A9DD-CE09973E55B6}.Release|Any CPU.Build.0 = Release|Any CPU
		{EE5122EF-A1AA-41FA-BB54-C9272DD9F2F2}.Debug|Any CPU.ActiveCfg = Debug|Any CPU
		{EE5122EF-A1AA-41FA-BB54-C9272DD9F2F2}.Debug|Any CPU.Build.0 = Debug|Any CPU
		{EE5122EF-A1AA-41FA-BB54-C9272DD9F2F2}.Release|Any CPU.ActiveCfg = Release|Any CPU
		{EE5122EF-A1AA-41FA-BB54-C9272DD9F2F2}.Release|Any CPU.Build.0 = Release|Any CPU
		{832D5E05-757B-43B7-A8B1-A54EB1DB4DCB}.Debug|Any CPU.ActiveCfg = Debug|Any CPU
		{832D5E05-757B-43B7-A8B1-A54EB1DB4DCB}.Debug|Any CPU.Build.0 = Debug|Any CPU
		{832D5E05-757B-43B7-A8B1-A54EB1DB4DCB}.Release|Any CPU.ActiveCfg = Release|Any CPU
		{832D5E05-757B-43B7-A8B1-A54EB1DB4DCB}.Release|Any CPU.Build.0 = Release|Any CPU
		{681C3ED4-7180-49C7-A5F6-3852A82EE81D}.Debug|Any CPU.ActiveCfg = Debug|Any CPU
		{681C3ED4-7180-49C7-A5F6-3852A82EE81D}.Debug|Any CPU.Build.0 = Debug|Any CPU
		{681C3ED4-7180-49C7-A5F6-3852A82EE81D}.Release|Any CPU.ActiveCfg = Release|Any CPU
		{681C3ED4-7180-49C7-A5F6-3852A82EE81D}.Release|Any CPU.Build.0 = Release|Any CPU
	EndGlobalSection
	GlobalSection(SolutionProperties) = preSolution
		HideSolutionNode = FALSE
	EndGlobalSection
	GlobalSection(NestedProjects) = preSolution
		{F312CE67-322C-4B33-9D53-6A6F10B4E3F5} = {51F45A1C-87B7-49E3-A123-ADC6680BAE49}
		{F5B134E5-1FDD-46A6-AE2B-5BC0454973C5} = {51F45A1C-87B7-49E3-A123-ADC6680BAE49}
		{EFEACA46-B086-4954-A896-C96496BA3406} = {51F45A1C-87B7-49E3-A123-ADC6680BAE49}
		{EA77B8F0-5A23-41FF-A50D-EC4B30DCA4C4} = {51F45A1C-87B7-49E3-A123-ADC6680BAE49}
		{54CCED7E-6B2A-42DA-BF1F-F7BF1F8F6246} = {51F45A1C-87B7-49E3-A123-ADC6680BAE49}
		{C6B20B9A-904B-436B-A776-34DD50324434} = {51F45A1C-87B7-49E3-A123-ADC6680BAE49}
		{EB6C9A73-C9FD-4375-A9DD-CE09973E55B6} = {1A24687A-47B6-409A-9596-85AE40029D62}
		{EE5122EF-A1AA-41FA-BB54-C9272DD9F2F2} = {1A24687A-47B6-409A-9596-85AE40029D62}
		{832D5E05-757B-43B7-A8B1-A54EB1DB4DCB} = {1A24687A-47B6-409A-9596-85AE40029D62}
		{681C3ED4-7180-49C7-A5F6-3852A82EE81D} = {51F45A1C-87B7-49E3-A123-ADC6680BAE49}
	EndGlobalSection
	GlobalSection(ExtensibilityGlobals) = postSolution
		SolutionGuid = {39E1D120-51F2-4DCD-A808-A760C5FA24F6}
	EndGlobalSection
EndGlobal
